{
  "name": "portfolio2025",
  "version": "1.0.0",
  "lockfileVersion": 3,
  "requires": true,
  "packages": {
    "": {
      "name": "portfolio2025",
      "version": "1.0.0",
      "license": "ISC",
      "devDependencies": {
        "css-reset": "^0.0.1"
      }
    },
    "node_modules/css-reset": {
      "version": "0.0.1",
      "resolved": "https://registry.npmjs.org/css-reset/-/css-reset-0.0.1.tgz",
      "integrity": "sha512-/GiDtsQCONtvIx+JzPr0FvvYcvTxdd9BCeAKuUlllQEzZw1Y/mBp+mPbQ86DDfstUafp6PSBoDGCrkC9pKWUDA==",
      "dev": true,
      "engines": {
        "node": "*"
      }
    }
  }
}
